# THIS IS AN AUTOGENERATED FILE. DO NOT EDIT THIS FILE DIRECTLY.
# yarn lockfile v1


balanced-match@^1.0.0:
  version "1.0.0"
  resolved "https://registry.yarnpkg.com/balanced-match/-/balanced-match-1.0.0.tgz#89b4d199ab2bee49de164ea02b89ce462d71b767"

base64-js@0.0.8:
  version "0.0.8"
  resolved "https://registry.yarnpkg.com/base64-js/-/base64-js-0.0.8.tgz#1101e9544f4a76b1bc3b26d452ca96d7a35e7978"

base64-js@1.1.2:
  version "1.1.2"
  resolved "https://registry.yarnpkg.com/base64-js/-/base64-js-1.1.2.tgz#d6400cac1c4c660976d90d07a04351d89395f5e8"

big-integer@^1.6.7:
  version "1.6.28"
  resolved "https://registry.yarnpkg.com/big-integer/-/big-integer-1.6.28.tgz#8cef0fda3ccde8759c2c66efcfacc35aea658283"

bplist-creator@0.0.7:
  version "0.0.7"
  resolved "https://registry.yarnpkg.com/bplist-creator/-/bplist-creator-0.0.7.tgz#37df1536092824b87c42f957b01344117372ae45"
  dependencies:
    stream-buffers "~2.2.0"

bplist-parser@0.1.1:
  version "0.1.1"
  resolved "https://registry.yarnpkg.com/bplist-parser/-/bplist-parser-0.1.1.tgz#d60d5dcc20cba6dc7e1f299b35d3e1f95dafbae6"
  dependencies:
    big-integer "^1.6.7"

brace-expansion@^1.1.7:
  version "1.1.11"
  resolved "https://registry.yarnpkg.com/brace-expansion/-/brace-expansion-1.1.11.tgz#3c7fcbf529d87226f3d2f52b966ff5271eb441dd"
  dependencies:
    balanced-match "^1.0.0"
    concat-map "0.0.1"

colors@^1.1.2:
  version "1.3.0"
  resolved "https://registry.yarnpkg.com/colors/-/colors-1.3.0.tgz#5f20c9fef6945cb1134260aab33bfbdc8295e04e"

concat-map@0.0.1:
  version "0.0.1"
  resolved "https://registry.yarnpkg.com/concat-map/-/concat-map-0.0.1.tgz#d8a96bd77fd68df7793a73036a3ba0d5405d477b"

"cordova-clipboard@git+https://github.com/yuzulabo/cordova-clipboard":
  version "1.2.1"
  resolved "git+https://github.com/yuzulabo/cordova-clipboard#5a5f3ee0e0e095e46b3cc1c41fb1bbee51edbc84"

cordova-custom-config@^5.0.2:
  version "5.0.2"
  resolved "https://registry.yarnpkg.com/cordova-custom-config/-/cordova-custom-config-5.0.2.tgz#43e751d0c9d20845f57ace227c82c26668662eff"
  dependencies:
    colors "^1.1.2"
    elementtree "^0.1.6"
    lodash "^4.3.0"
    plist xiangpingmeng/plist.js
    shelljs "^0.7.0"
    tostr "^0.1.0"
    xcode "^1.0.0"

cordova-plugin-camera@^4.0.3:
  version "4.0.3"
  resolved "https://registry.yarnpkg.com/cordova-plugin-camera/-/cordova-plugin-camera-4.0.3.tgz#7373a5938318c86ccfd84e3713e2382d10fe076b"

cordova-plugin-customurlscheme@^4.3.0:
  version "4.3.0"
  resolved "https://registry.yarnpkg.com/cordova-plugin-customurlscheme/-/cordova-plugin-customurlscheme-4.3.0.tgz#02f968778b4093990eb0407f3fa1b1458d705f94"

"cordova-plugin-fcm@git+https://github.com/yuzulabo/cordova-plugin-fcm":
  version "2.1.2"
  resolved "git+https://github.com/yuzulabo/cordova-plugin-fcm#cc9e8e571388cc8cb8a0a37d52dba89ed0c7a7c6"

cordova-plugin-file@^6.0.1:
  version "6.0.1"
  resolved "https://registry.yarnpkg.com/cordova-plugin-file/-/cordova-plugin-file-6.0.1.tgz#49606b8c15a5688d4728f92e4a7325a061de07f5"

cordova-plugin-inappbrowser@^3.0.0:
  version "3.0.0"
  resolved "https://registry.yarnpkg.com/cordova-plugin-inappbrowser/-/cordova-plugin-inappbrowser-3.0.0.tgz#d4ae00d36676210751057ad258ae4ad4a9161ada"

cordova-plugin-safariviewcontroller@^1.5.3:
  version "1.5.3"
  resolved "https://registry.yarnpkg.com/cordova-plugin-safariviewcontroller/-/cordova-plugin-safariviewcontroller-1.5.3.tgz#24e22755d93c78fe70a5ac36ebbdb1d83e339ffa"

cordova-plugin-splashscreen@^5.0.2:
  version "5.0.2"
  resolved "https://registry.yarnpkg.com/cordova-plugin-splashscreen/-/cordova-plugin-splashscreen-5.0.2.tgz#747e74f56e201cd585bc62d14bca19f6867ff1ed"

cordova-plugin-statusbar@^2.4.2:
  version "2.4.2"
  resolved "https://registry.yarnpkg.com/cordova-plugin-statusbar/-/cordova-plugin-statusbar-2.4.2.tgz#fc1fbdc0d8d7033a7e8e1f1f7ff167ac9bd4faf6"

cordova-plugin-whitelist@^1.3.3:
  version "1.3.3"
  resolved "https://registry.yarnpkg.com/cordova-plugin-whitelist/-/cordova-plugin-whitelist-1.3.3.tgz#b5e85ecdbbfe5aeded40a1bf4ee2372e67d96fb4"

elementtree@^0.1.6:
  version "0.1.7"
  resolved "https://registry.yarnpkg.com/elementtree/-/elementtree-0.1.7.tgz#9ac91be6e52fb6e6244c4e54a4ac3ed8ae8e29c0"
  dependencies:
    sax "1.1.4"

fs.realpath@^1.0.0:
  version "1.0.0"
  resolved "https://registry.yarnpkg.com/fs.realpath/-/fs.realpath-1.0.0.tgz#1504ad2523158caa40db4a2787cb01411994ea4f"

glob@^7.0.0:
  version "7.1.2"
  resolved "https://registry.yarnpkg.com/glob/-/glob-7.1.2.tgz#c19c9df9a028702d678612384a6552404c636d15"
  dependencies:
    fs.realpath "^1.0.0"
    inflight "^1.0.4"
    inherits "2"
    minimatch "^3.0.4"
    once "^1.3.0"
    path-is-absolute "^1.0.0"

inflight@^1.0.4:
  version "1.0.6"
  resolved "https://registry.yarnpkg.com/inflight/-/inflight-1.0.6.tgz#49bd6331d7d02d0c09bc910a1075ba8165b56df9"
  dependencies:
    once "^1.3.0"
    wrappy "1"

inherits@2:
  version "2.0.3"
  resolved "https://registry.yarnpkg.com/inherits/-/inherits-2.0.3.tgz#633c2c83e3da42a502f52466022480f4208261de"

interpret@^1.0.0:
  version "1.1.0"
  resolved "https://registry.yarnpkg.com/interpret/-/interpret-1.1.0.tgz#7ed1b1410c6a0e0f78cf95d3b8440c63f78b8614"

lodash@^3.5.0:
  version "3.10.1"
  resolved "https://registry.yarnpkg.com/lodash/-/lodash-3.10.1.tgz#5bf45e8e49ba4189e17d482789dfd15bd140b7b6"

lodash@^4.3.0:
  version "4.17.10"
  resolved "https://registry.yarnpkg.com/lodash/-/lodash-4.17.10.tgz#1b7793cf7259ea38fb3661d4d38b3260af8ae4e7"

minimatch@^3.0.4:
  version "3.0.4"
  resolved "https://registry.yarnpkg.com/minimatch/-/minimatch-3.0.4.tgz#5166e286457f03306064be5497e8dbb0c3d32083"
  dependencies:
    brace-expansion "^1.1.7"

monaca-plugin-monaca-core@^3.2.0:
  version "3.2.0"
  resolved "https://registry.yarnpkg.com/monaca-plugin-monaca-core/-/monaca-plugin-monaca-core-3.2.0.tgz#8de461d73bb9cee7e8bb563c5924169d6b3135b3"

once@^1.3.0:
  version "1.4.0"
  resolved "https://registry.yarnpkg.com/once/-/once-1.4.0.tgz#583b1aa775961d4b113ac17d9c50baef9dd76bd1"
  dependencies:
    wrappy "1"

path-is-absolute@^1.0.0:
  version "1.0.1"
  resolved "https://registry.yarnpkg.com/path-is-absolute/-/path-is-absolute-1.0.1.tgz#174b9268735534ffbc7ace6bf53a5a9e1b5c5f5f"

path-parse@^1.0.5:
  version "1.0.5"
  resolved "https://registry.yarnpkg.com/path-parse/-/path-parse-1.0.5.tgz#3c1adf871ea9cd6c9431b6ea2bd74a0ff055c4c1"

pegjs@^0.10.0:
  version "0.10.0"
  resolved "https://registry.yarnpkg.com/pegjs/-/pegjs-0.10.0.tgz#cf8bafae6eddff4b5a7efb185269eaaf4610ddbd"

plist@2.0.1:
  version "2.0.1"
  resolved "https://registry.yarnpkg.com/plist/-/plist-2.0.1.tgz#0a32ca9481b1c364e92e18dc55c876de9d01da8b"
  dependencies:
    base64-js "1.1.2"
    xmlbuilder "8.2.2"
    xmldom "0.1.x"

"plist@github:xiangpingmeng/plist.js":
  version "1.2.0"
  resolved "https://codeload.github.com/xiangpingmeng/plist.js/tar.gz/5ccd600b0b7fd3ae204edc9e69c1c30406d07747"
  dependencies:
    base64-js "0.0.8"
    util-deprecate "1.0.2"
    xmlbuilder "4.0.0"
    xmldom "0.1.x"

rechoir@^0.6.2:
  version "0.6.2"
  resolved "https://registry.yarnpkg.com/rechoir/-/rechoir-0.6.2.tgz#85204b54dba82d5742e28c96756ef43af50e3384"
  dependencies:
    resolve "^1.1.6"

resolve@^1.1.6:
  version "1.7.1"
  resolved "https://registry.yarnpkg.com/resolve/-/resolve-1.7.1.tgz#aadd656374fd298aee895bc026b8297418677fd3"
  dependencies:
    path-parse "^1.0.5"

sax@1.1.4:
  version "1.1.4"
  resolved "https://registry.yarnpkg.com/sax/-/sax-1.1.4.tgz#74b6d33c9ae1e001510f179a91168588f1aedaa9"

shelljs@^0.7.0:
  version "0.7.8"
  resolved "https://registry.yarnpkg.com/shelljs/-/shelljs-0.7.8.tgz#decbcf874b0d1e5fb72e14b164a9683048e9acb3"
  dependencies:
    glob "^7.0.0"
    interpret "^1.0.0"
    rechoir "^0.6.2"

simple-plist@^0.2.1:
  version "0.2.1"
  resolved "https://registry.yarnpkg.com/simple-plist/-/simple-plist-0.2.1.tgz#71766db352326928cf3a807242ba762322636723"
  dependencies:
    bplist-creator "0.0.7"
    bplist-parser "0.1.1"
    plist "2.0.1"

stream-buffers@~2.2.0:
  version "2.2.0"
  resolved "https://registry.yarnpkg.com/stream-buffers/-/stream-buffers-2.2.0.tgz#91d5f5130d1cef96dcfa7f726945188741d09ee4"

tostr@^0.1.0:
  version "0.1.0"
  resolved "https://registry.yarnpkg.com/tostr/-/tostr-0.1.0.tgz#7239ba1fa807c8100c9532cd231bf041ab779629"

util-deprecate@1.0.2:
  version "1.0.2"
  resolved "https://registry.yarnpkg.com/util-deprecate/-/util-deprecate-1.0.2.tgz#450d4dc9fa70de732762fbd2d4a28981419a0ccf"

uuid@3.0.1:
  version "3.0.1"
  resolved "https://registry.yarnpkg.com/uuid/-/uuid-3.0.1.tgz#6544bba2dfda8c1cf17e629a3a305e2bb1fee6c1"

wrappy@1:
  version "1.0.2"
  resolved "https://registry.yarnpkg.com/wrappy/-/wrappy-1.0.2.tgz#b5243d8f3ec1aa35f1364605bc0d1036e30ab69f"

xcode@^1.0.0:
  version "1.0.0"
  resolved "https://registry.yarnpkg.com/xcode/-/xcode-1.0.0.tgz#e1f5b1443245ded38c180796df1a10fdeda084ec"
  dependencies:
    pegjs "^0.10.0"
    simple-plist "^0.2.1"
    uuid "3.0.1"

xmlbuilder@4.0.0:
  version "4.0.0"
  resolved "https://registry.yarnpkg.com/xmlbuilder/-/xmlbuilder-4.0.0.tgz#98b8f651ca30aa624036f127d11cc66dc7b907a3"
  dependencies:
    lodash "^3.5.0"

xmlbuilder@8.2.2:
  version "8.2.2"
  resolved "https://registry.yarnpkg.com/xmlbuilder/-/xmlbuilder-8.2.2.tgz#69248673410b4ba42e1a6136551d2922335aa773"

xmldom@0.1.x:
  version "0.1.27"
  resolved "https://registry.yarnpkg.com/xmldom/-/xmldom-0.1.27.tgz#d501f97b3bdb403af8ef9ecc20573187aadac0e9"
